{
  "version": 4,
  "terraform_version": "1.9.8",
  "serial": 5,
  "lineage": "e4761f45-c126-6523-7d5a-18597a42377a",
  "outputs": {},
  "resources": [
    {
      "mode": "managed",
      "type": "azurerm_resource_group",
      "name": "rg",
      "provider": "provider[\"registry.terraform.io/hashicorp/azurerm\"]",
      "instances": [
        {
          "schema_version": 0,
          "attributes": {
            "id": "/subscriptions/bc588450-6abe-4e21-bef3-660fce2116ca/resourceGroups/Fatima-RG",
            "location": "eastus",
            "managed_by": "",
            "name": "Fatima-RG",
            "tags": {
              "environment": "Dev",
              "source": "Terraform"
            },
            "timeouts": null
          },
          "sensitive_attributes": [],
          "private": "eyJlMmJmYjczMC1lY2FhLTExZTYtOGY4OC0zNDM2M2JjN2M0YzAiOnsiY3JlYXRlIjo1NDAwMDAwMDAwMDAwLCJkZWxldGUiOjU0MDAwMDAwMDAwMDAsInJlYWQiOjMwMDAwMDAwMDAwMCwidXBkYXRlIjo1NDAwMDAwMDAwMDAwfX0="
        }
      ]
    }
  ],
  "check_results": null
}
